// !$*UTF8*$!
{
	archiveVersion = 1;
	classes = {
	};
	objectVersion = 55;
	objects = {

/* Begin PBXBuildFile section */
		180EC2FC2751FE6E00AB167B /* AppDelegate.swift in Sources */ = {isa = PBXBuildFile; fileRef = 180EC2FB2751FE6E00AB167B /* AppDelegate.swift */; };
		180EC2FE2751FE6E00AB167B /* SceneDelegate.swift in Sources */ = {isa = PBXBuildFile; fileRef = 180EC2FD2751FE6E00AB167B /* SceneDelegate.swift */; };
		180EC3002751FE6E00AB167B /* ViewController.swift in Sources */ = {isa = PBXBuildFile; fileRef = 180EC2FF2751FE6E00AB167B /* ViewController.swift */; };
		180EC3032751FE6E00AB167B /* Main.storyboard in Resources */ = {isa = PBXBuildFile; fileRef = 180EC3012751FE6E00AB167B /* Main.storyboard */; };
		180EC3052751FE7300AB167B /* Assets.xcassets in Resources */ = {isa = PBXBuildFile; fileRef = 180EC3042751FE7300AB167B /* Assets.xcassets */; };
		180EC3082751FE7300AB167B /* LaunchScreen.storyboard in Resources */ = {isa = PBXBuildFile; fileRef = 180EC3062751FE7300AB167B /* LaunchScreen.storyboard */; };
		180EC315275201B400AB167B /* BaseballGame.swift in Sources */ = {isa = PBXBuildFile; fileRef = 180EC314275201B400AB167B /* BaseballGame.swift */; };
		180EC31A27521E9C00AB167B /* GameManger.swift in Sources */ = {isa = PBXBuildFile; fileRef = 180EC31927521E9C00AB167B /* GameManger.swift */; };
/* End PBXBuildFile section */

/* Begin PBXFileReference section */
		180EC2F82751FE6E00AB167B /* ios-number-baseball_new.app */ = {isa = PBXFileReference; explicitFileType = wrapper.application; includeInIndex = 0; path = "ios-number-baseball_new.app"; sourceTree = BUILT_PRODUCTS_DIR; };
		180EC2FB2751FE6E00AB167B /* AppDelegate.swift */ = {isa = PBXFileReference; lastKnownFileType = sourcecode.swift; path = AppDelegate.swift; sourceTree = "<group>"; };
		180EC2FD2751FE6E00AB167B /* SceneDelegate.swift */ = {isa = PBXFileReference; lastKnownFileType = sourcecode.swift; path = SceneDelegate.swift; sourceTree = "<group>"; };
		180EC2FF2751FE6E00AB167B /* ViewController.swift */ = {isa = PBXFileReference; lastKnownFileType = sourcecode.swift; path = ViewController.swift; sourceTree = "<group>"; };
		180EC3022751FE6E00AB167B /* Base */ = {isa = PBXFileReference; lastKnownFileType = file.storyboard; name = Base; path = Base.lproj/Main.storyboard; sourceTree = "<group>"; };
		180EC3042751FE7300AB167B /* Assets.xcassets */ = {isa = PBXFileReference; lastKnownFileType = folder.assetcatalog; path = Assets.xcassets; sourceTree = "<group>"; };
		180EC3072751FE7300AB167B /* Base */ = {isa = PBXFileReference; lastKnownFileType = file.storyboard; name = Base; path = Base.lproj/LaunchScreen.storyboard; sourceTree = "<group>"; };
		180EC3092751FE7300AB167B /* Info.plist */ = {isa = PBXFileReference; lastKnownFileType = text.plist.xml; path = Info.plist; sourceTree = "<group>"; };
		180EC314275201B400AB167B /* BaseballGame.swift */ = {isa = PBXFileReference; lastKnownFileType = sourcecode.swift; path = BaseballGame.swift; sourceTree = "<group>"; };
		180EC31927521E9C00AB167B /* GameManger.swift */ = {isa = PBXFileReference; lastKnownFileType = sourcecode.swift; path = GameManger.swift; sourceTree = "<group>"; };
/* End PBXFileReference section */

/* Begin PBXFrameworksBuildPhase section */
		180EC2F52751FE6E00AB167B /* Frameworks */ = {
			isa = PBXFrameworksBuildPhase;
			buildActionMask = 2147483647;
			files = (
			);
			runOnlyForDeploymentPostprocessing = 0;
		};
/* End PBXFrameworksBuildPhase section */

/* Begin PBXGroup section */
		180EC2EF2751FE6E00AB167B = {
			isa = PBXGroup;
			children = (
				180EC2FA2751FE6E00AB167B /* ios-number-baseball_new */,
				180EC2F92751FE6E00AB167B /* Products */,
			);
			sourceTree = "<group>";
		};
		180EC2F92751FE6E00AB167B /* Products */ = {
			isa = PBXGroup;
			children = (
				180EC2F82751FE6E00AB167B /* ios-number-baseball_new.app */,
			);
			name = Products;
			sourceTree = "<group>";
		};
		180EC2FA2751FE6E00AB167B /* ios-number-baseball_new */ = {
			isa = PBXGroup;
			children = (
				180EC3182752162100AB167B /* Protocol */,
				180EC3132752018B00AB167B /* View */,
				180EC3122752018400AB167B /* Model */,
				180EC3112752017B00AB167B /* ViewController */,
				180EC3092751FE7300AB167B /* Info.plist */,
			);
			path = "ios-number-baseball_new";
			sourceTree = "<group>";
		};
		180EC3112752017B00AB167B /* ViewController */ = {
			isa = PBXGroup;
			children = (
				180EC2FB2751FE6E00AB167B /* AppDelegate.swift */,
				180EC2FD2751FE6E00AB167B /* SceneDelegate.swift */,
				180EC2FF2751FE6E00AB167B /* ViewController.swift */,
			);
			path = ViewController;
			sourceTree = "<group>";
		};
		180EC3122752018400AB167B /* Model */ = {
			isa = PBXGroup;
			children = (
				180EC314275201B400AB167B /* BaseballGame.swift */,
				180EC31927521E9C00AB167B /* GameManger.swift */,
			);
			path = Model;
			sourceTree = "<group>";
		};
		180EC3132752018B00AB167B /* View */ = {
			isa = PBXGroup;
			children = (
				180EC3012751FE6E00AB167B /* Main.storyboard */,
				180EC3042751FE7300AB167B /* Assets.xcassets */,
				180EC3062751FE7300AB167B /* LaunchScreen.storyboard */,
			);
			path = View;
			sourceTree = "<group>";
		};
		180EC3182752162100AB167B /* Protocol */ = {
			isa = PBXGroup;
			children = (
			);
			path = Protocol;
			sourceTree = "<group>";
		};
/* End PBXGroup section */

/* Begin PBXNativeTarget section */
		180EC2F72751FE6E00AB167B /* ios-number-baseball_new */ = {
			isa = PBXNativeTarget;
			buildConfigurationList = 180EC30C2751FE7300AB167B /* Build configuration list for PBXNativeTarget "ios-number-baseball_new" */;
			buildPhases = (
				180EC2F42751FE6E00AB167B /* Sources */,
				180EC2F52751FE6E00AB167B /* Frameworks */,
				180EC2F62751FE6E00AB167B /* Resources */,
			);
			buildRules = (
			);
			dependencies = (
			);
			name = "ios-number-baseball_new";
			productName = "ios-number-baseball_new";
			productReference = 180EC2F82751FE6E00AB167B /* ios-number-baseball_new.app */;
			productType = "com.apple.product-type.application";
		};
/* End PBXNativeTarget section */

/* Begin PBXProject section */
		180EC2F02751FE6E00AB167B /* Project object */ = {
			isa = PBXProject;
			attributes = {
				BuildIndependentTargetsInParallel = 1;
				LastSwiftUpdateCheck = 1310;
				LastUpgradeCheck = 1310;
				TargetAttributes = {
					180EC2F72751FE6E00AB167B = {
						CreatedOnToolsVersion = 13.1;
					};
				};
			};
			buildConfigurationList = 180EC2F32751FE6E00AB167B /* Build configuration list for PBXProject "ios-number-baseball_new" */;
			compatibilityVersion = "Xcode 13.0";
			developmentRegion = en;
			hasScannedForEncodings = 0;
			knownRegions = (
				en,
				Base,
			);
			mainGroup = 180EC2EF2751FE6E00AB167B;
			productRefGroup = 180EC2F92751FE6E00AB167B /* Products */;
			projectDirPath = "";
			projectRoot = "";
			targets = (
				180EC2F72751FE6E00AB167B /* ios-number-baseball_new */,
			);
		};
/* End PBXProject section */

/* Begin PBXResourcesBuildPhase section */
		180EC2F62751FE6E00AB167B /* Resources */ = {
			isa = PBXResourcesBuildPhase;
			buildActionMask = 2147483647;
			files = (
				180EC3082751FE7300AB167B /* LaunchScreen.storyboard in Resources */,
				180EC3052751FE7300AB167B /* Assets.xcassets in Resources */,
				180EC3032751FE6E00AB167B /* Main.storyboard in Resources */,
			);
			runOnlyForDeploymentPostprocessing = 0;
		};
/* End PBXResourcesBuildPhase section */

/* Begin PBXSourcesBuildPhase section */
		180EC2F42751FE6E00AB167B /* Sources */ = {
			isa = PBXSourcesBuildPhase;
			buildActionMask = 2147483647;
			files = (
				180EC3002751FE6E00AB167B /* ViewController.swift in Sources */,
				180EC315275201B400AB167B /* BaseballGame.swift in Sources */,
				180EC2FC2751FE6E00AB167B /* AppDelegate.swift in Sources */,
				180EC31A27521E9C00AB167B /* GameManger.swift in Sources */,
				180EC2FE2751FE6E00AB167B /* SceneDelegate.swift in Sources */,
			);
			runOnlyForDeploymentPostprocessing = 0;
		};
/* End PBXSourcesBuildPhase section */

/* Begin PBXVariantGroup section */
		180EC3012751FE6E00AB167B /* Main.storyboard */ = {
			isa = PBXVariantGroup;
			children = (
				180EC3022751FE6E00AB167B /* Base */,
			);
			name = Main.storyboard;
			sourceTree = "<group>";
		};
		180EC3062751FE7300AB167B /* LaunchScreen.storyboard */ = {
			isa = PBXVariantGroup;
			children = (
				180EC3072751FE7300AB167B /* Base */,
			);
			name = LaunchScreen.storyboard;
			sourceTree = "<group>";
		};
/* End PBXVariantGroup section */

/* Begin XCBuildConfiguration section */
		180EC30A2751FE7300AB167B /* Debug */ = {
			isa = XCBuildConfiguration;
			buildSettings = {
				ALWAYS_SEARCH_USER_PATHS = NO;
				CLANG_ANALYZER_NONNULL = YES;
				CLANG_ANALYZER_NUMBER_OBJECT_CONVERSION = YES_AGGRESSIVE;
				CLANG_CXX_LANGUAGE_STANDARD = "gnu++17";
				CLANG_CXX_LIBRARY = "libc++";
				CLANG_ENABLE_MODULES = YES;
				CLANG_ENABLE_OBJC_ARC = YES;
				CLANG_ENABLE_OBJC_WEAK = YES;
				CLANG_WARN_BLOCK_CAPTURE_AUTORELEASING = YES;
				CLANG_WARN_BOOL_CONVERSION = YES;
				CLANG_WARN_COMMA = YES;
				CLANG_WARN_CONSTANT_CONVERSION = YES;
				CLANG_WARN_DEPRECATED_OBJC_IMPLEMENTATIONS = YES;
				CLANG_WARN_DIRECT_OBJC_ISA_USAGE = YES_ERROR;
				CLANG_WARN_DOCUMENTATION_COMMENTS = YES;
				CLANG_WARN_EMPTY_BODY = YES;
				CLANG_WARN_ENUM_CONVERSION = YES;
				CLANG_WARN_INFINITE_RECURSION = YES;
				CLANG_WARN_INT_CONVERSION = YES;
				CLANG_WARN_NON_LITERAL_NULL_CONVERSION = YES;
				CLANG_WARN_OBJC_IMPLICIT_RETAIN_SELF = YES;
				CLANG_WARN_OBJC_LITERAL_CONVERSION = YES;
				CLANG_WARN_OBJC_ROOT_CLASS = YES_ERROR;
				CLANG_WARN_QUOTED_INCLUDE_IN_FRAMEWORK_HEADER = YES;
				CLANG_WARN_RANGE_LOOP_ANALYSIS = YES;
				CLANG_WARN_STRICT_PROTOTYPES = YES;
				CLANG_WARN_SUSPICIOUS_MOVE = YES;
				CLANG_WARN_UNGUARDED_AVAILABILITY = YES_AGGRESSIVE;
				CLANG_WARN_UNREACHABLE_CODE = YES;
				CLANG_WARN__DUPLICATE_METHOD_MATCH = YES;
				COPY_PHASE_STRIP = NO;
				DEBUG_INFORMATION_FORMAT = dwarf;
				ENABLE_STRICT_OBJC_MSGSEND = YES;
				ENABLE_TESTABILITY = YES;
				GCC_C_LANGUAGE_STANDARD = gnu11;
				GCC_DYNAMIC_NO_PIC = NO;
				GCC_NO_COMMON_BLOCKS = YES;
				GCC_OPTIMIZATION_LEVEL = 0;
				GCC_PREPROCESSOR_DEFINITIONS = (
					"DEBUG=1",
					"$(inherited)",
				);
				GCC_WARN_64_TO_32_BIT_CONVERSION = YES;
				GCC_WARN_ABOUT_RETURN_TYPE = YES_ERROR;
				GCC_WARN_UNDECLARED_SELECTOR = YES;
				GCC_WARN_UNINITIALIZED_AUTOS = YES_AGGRESSIVE;
				GCC_WARN_UNUSED_FUNCTION = YES;
				GCC_WARN_UNUSED_VARIABLE = YES;
				IPHONEOS_DEPLOYMENT_TARGET = 15.0;
				MTL_ENABLE_DEBUG_INFO = INCLUDE_SOURCE;
				MTL_FAST_MATH = YES;
				ONLY_ACTIVE_ARCH = YES;
				SDKROOT = iphoneos;
				SWIFT_ACTIVE_COMPILATION_CONDITIONS = DEBUG;
				SWIFT_OPTIMIZATION_LEVEL = "-Onone";
			};
			name = Debug;
		};
		180EC30B2751FE7300AB167B /* Release */ = {
			isa = XCBuildConfiguration;
			buildSettings = {
				ALWAYS_SEARCH_USER_PATHS = NO;
				CLANG_ANALYZER_NONNULL = YES;
				CLANG_ANALYZER_NUMBER_OBJECT_CONVERSION = YES_AGGRESSIVE;
				CLANG_CXX_LANGUAGE_STANDARD = "gnu++17";
				CLANG_CXX_LIBRARY = "libc++";
				CLANG_ENABLE_MODULES = YES;
				CLANG_ENABLE_OBJC_ARC = YES;
				CLANG_ENABLE_OBJC_WEAK = YES;
				CLANG_WARN_BLOCK_CAPTURE_AUTORELEASING = YES;
				CLANG_WARN_BOOL_CONVERSION = YES;
				CLANG_WARN_COMMA = YES;
				CLANG_WARN_CONSTANT_CONVERSION = YES;
				CLANG_WARN_DEPRECATED_OBJC_IMPLEMENTATIONS = YES;
				CLANG_WARN_DIRECT_OBJC_ISA_USAGE = YES_ERROR;
				CLANG_WARN_DOCUMENTATION_COMMENTS = YES;
				CLANG_WARN_EMPTY_BODY = YES;
				CLANG_WARN_ENUM_CONVERSION = YES;
				CLANG_WARN_INFINITE_RECURSION = YES;
				CLANG_WARN_INT_CONVERSION = YES;
				CLANG_WARN_NON_LITERAL_NULL_CONVERSION = YES;
				CLANG_WARN_OBJC_IMPLICIT_RETAIN_SELF = YES;
				CLANG_WARN_OBJC_LITERAL_CONVERSION = YES;
				CLANG_WARN_OBJC_ROOT_CLASS = YES_ERROR;
				CLANG_WARN_QUOTED_INCLUDE_IN_FRAMEWORK_HEADER = YES;
				CLANG_WARN_RANGE_LOOP_ANALYSIS = YES;
				CLANG_WARN_STRICT_PROTOTYPES = YES;
				CLANG_WARN_SUSPICIOUS_MOVE = YES;
				CLANG_WARN_UNGUARDED_AVAILABILITY = YES_AGGRESSIVE;
				CLANG_WARN_UNREACHABLE_CODE = YES;
				CLANG_WARN__DUPLICATE_METHOD_MATCH = YES;
				COPY_PHASE_STRIP = NO;
				DEBUG_INFORMATION_FORMAT = "dwarf-with-dsym";
				ENABLE_NS_ASSERTIONS = NO;
				ENABLE_STRICT_OBJC_MSGSEND = YES;
				GCC_C_LANGUAGE_STANDARD = gnu11;
				GCC_NO_COMMON_BLOCKS = YES;
				GCC_WARN_64_TO_32_BIT_CONVERSION = YES;
				GCC_WARN_ABOUT_RETURN_TYPE = YES_ERROR;
				GCC_WARN_UNDECLARED_SELECTOR = YES;
				GCC_WARN_UNINITIALIZED_AUTOS = YES_AGGRESSIVE;
				GCC_WARN_UNUSED_FUNCTION = YES;
				GCC_WARN_UNUSED_VARIABLE = YES;
				IPHONEOS_DEPLOYMENT_TARGET = 15.0;
				MTL_ENABLE_DEBUG_INFO = NO;
				MTL_FAST_MATH = YES;
				SDKROOT = iphoneos;
				SWIFT_COMPILATION_MODE = wholemodule;
				SWIFT_OPTIMIZATION_LEVEL = "-O";
				VALIDATE_PRODUCT = YES;
			};
			name = Release;
		};
		180EC30D2751FE7300AB167B /* Debug */ = {
			isa = XCBuildConfiguration;
			buildSettings = {
				ASSETCATALOG_COMPILER_APPICON_NAME = AppIcon;
				ASSETCATALOG_COMPILER_GLOBAL_ACCENT_COLOR_NAME = AccentColor;
				CODE_SIGN_STYLE = Automatic;
				CURRENT_PROJECT_VERSION = 1;
				GENERATE_INFOPLIST_FILE = YES;
				INFOPLIST_FILE = "ios-number-baseball_new/Info.plist";
				INFOPLIST_KEY_UIApplicationSupportsIndirectInputEvents = YES;
				INFOPLIST_KEY_UILaunchStoryboardName = LaunchScreen;
				INFOPLIST_KEY_UIMainStoryboardFile = Main;
				INFOPLIST_KEY_UISupportedInterfaceOrientations_iPad = "UIInterfaceOrientationPortrait UIInterfaceOrientationPortraitUpsideDown UIInterfaceOrientationLandscapeLeft UIInterfaceOrientationLandscapeRight";
				INFOPLIST_KEY_UISupportedInterfaceOrientations_iPhone = "UIInterfaceOrientationPortrait UIInterfaceOrientationLandscapeLeft UIInterfaceOrientationLandscapeRight";
				LD_RUNPATH_SEARCH_PATHS = (
					"$(inherited)",
					"@executable_path/Frameworks",
				);
				MARKETING_VERSION = 1.0;
				PRODUCT_BUNDLE_IDENTIFIER = "com.yourcompany.test.ios-number-baseball-new";
				PRODUCT_NAME = "$(TARGET_NAME)";
				SWIFT_EMIT_LOC_STRINGS = YES;
				SWIFT_VERSION = 5.0;
				TARGETED_DEVICE_FAMILY = "1,2";
			};
			name = Debug;
		};
		180EC30E2751FE7300AB167B /* Release */ = {
			isa = XCBuildConfiguration;
			buildSettings = {
				ASSETCATALOG_COMPILER_APPICON_NAME = AppIcon;
				ASSETCATALOG_COMPILER_GLOBAL_ACCENT_COLOR_NAME = AccentColor;
				CODE_SIGN_STYLE = Automatic;
				CURRENT_PROJECT_VERSION = 1;
				GENERATE_INFOPLIST_FILE = YES;
				INFOPLIST_FILE = "ios-number-baseball_new/Info.plist";
				INFOPLIST_KEY_UIApplicationSupportsIndirectInputEvents = YES;
				INFOPLIST_KEY_UILaunchStoryboardName = LaunchScreen;
				INFOPLIST_KEY_UIMainStoryboardFile = Main;
				INFOPLIST_KEY_UISupportedInterfaceOrientations_iPad = "UIInterfaceOrientationPortrait UIInterfaceOrientationPortraitUpsideDown UIInterfaceOrientationLandscapeLeft UIInterfaceOrientationLandscapeRight";
				INFOPLIST_KEY_UISupportedInterfaceOrientations_iPhone = "UIInterfaceOrientationPortrait UIInterfaceOrientationLandscapeLeft UIInterfaceOrientationLandscapeRight";
				LD_RUNPATH_SEARCH_PATHS = (
					"$(inherited)",
					"@executable_path/Frameworks",
				);
				MARKETING_VERSION = 1.0;
				PRODUCT_BUNDLE_IDENTIFIER = "com.yourcompany.test.ios-number-baseball-new";
				PRODUCT_NAME = "$(TARGET_NAME)";
				SWIFT_EMIT_LOC_STRINGS = YES;
				SWIFT_VERSION = 5.0;
				TARGETED_DEVICE_FAMILY = "1,2";
			};
			name = Release;
		};
/* End XCBuildConfiguration section */

/* Begin XCConfigurationList section */
		180EC2F32751FE6E00AB167B /* Build configuration list for PBXProject "ios-number-baseball_new" */ = {
			isa = XCConfigurationList;
			buildConfigurations = (
				180EC30A2751FE7300AB167B /* Debug */,
				180EC30B2751FE7300AB167B /* Release */,
			);
			defaultConfigurationIsVisible = 0;
			defaultConfigurationName = Release;
		};
		180EC30C2751FE7300AB167B /* Build configuration list for PBXNativeTarget "ios-number-baseball_new" */ = {
			isa = XCConfigurationList;
			buildConfigurations = (
				180EC30D2751FE7300AB167B /* Debug */,
				180EC30E2751FE7300AB167B /* Release */,
			);
			defaultConfigurationIsVisible = 0;
			defaultConfigurationName = Release;
		};
/* End XCConfigurationList section */
	};
	rootObject = 180EC2F02751FE6E00AB167B /* Project object */;
}
